// !$*UTF8*$!
{
	archiveVersion = 1;
	classes = {
	};
	objectVersion = 48;
	objects = {

/* Begin PBXBuildFile section */
		27958A6D1FB200CC004F968F /* AppDelegate.swift in Sources */ = {isa = PBXBuildFile; fileRef = 27958A6C1FB200CC004F968F /* AppDelegate.swift */; };
		27958A6F1FB200CC004F968F /* TakingImageViewController.swift in Sources */ = {isa = PBXBuildFile; fileRef = 27958A6E1FB200CC004F968F /* TakingImageViewController.swift */; };
		27958A721FB200CC004F968F /* Main.storyboard in Resources */ = {isa = PBXBuildFile; fileRef = 27958A701FB200CC004F968F /* Main.storyboard */; };
		27958A741FB200CC004F968F /* Assets.xcassets in Resources */ = {isa = PBXBuildFile; fileRef = 27958A731FB200CC004F968F /* Assets.xcassets */; };
		27958A771FB200CC004F968F /* LaunchScreen.storyboard in Resources */ = {isa = PBXBuildFile; fileRef = 27958A751FB200CC004F968F /* LaunchScreen.storyboard */; };
		27E41C761FB88386005F77EE /* LoginViewController.swift in Sources */ = {isa = PBXBuildFile; fileRef = 27E41C751FB88386005F77EE /* LoginViewController.swift */; };
		E1BA1BF177D303904449B507 /* Pods_MasterThesis.framework in Frameworks */ = {isa = PBXBuildFile; fileRef = 017416A01A74B676E51E7850 /* Pods_MasterThesis.framework */; };
/* End PBXBuildFile section */

/* Begin PBXFileReference section */
		017416A01A74B676E51E7850 /* Pods_MasterThesis.framework */ = {isa = PBXFileReference; explicitFileType = wrapper.framework; includeInIndex = 0; path = Pods_MasterThesis.framework; sourceTree = BUILT_PRODUCTS_DIR; };
		27958A691FB200CC004F968F /* MasterThesis.app */ = {isa = PBXFileReference; explicitFileType = wrapper.application; includeInIndex = 0; path = MasterThesis.app; sourceTree = BUILT_PRODUCTS_DIR; };
		27958A6C1FB200CC004F968F /* AppDelegate.swift */ = {isa = PBXFileReference; lastKnownFileType = sourcecode.swift; path = AppDelegate.swift; sourceTree = "<group>"; };
		27958A6E1FB200CC004F968F /* TakingImageViewController.swift */ = {isa = PBXFileReference; lastKnownFileType = sourcecode.swift; path = TakingImageViewController.swift; sourceTree = "<group>"; };
		27958A711FB200CC004F968F /* Base */ = {isa = PBXFileReference; lastKnownFileType = file.storyboard; name = Base; path = Base.lproj/Main.storyboard; sourceTree = "<group>"; };
		27958A731FB200CC004F968F /* Assets.xcassets */ = {isa = PBXFileReference; lastKnownFileType = folder.assetcatalog; path = Assets.xcassets; sourceTree = "<group>"; };
		27958A761FB200CC004F968F /* Base */ = {isa = PBXFileReference; lastKnownFileType = file.storyboard; name = Base; path = Base.lproj/LaunchScreen.storyboard; sourceTree = "<group>"; };
		27958A781FB200CC004F968F /* Info.plist */ = {isa = PBXFileReference; lastKnownFileType = text.plist.xml; path = Info.plist; sourceTree = "<group>"; };
		27E41C751FB88386005F77EE /* LoginViewController.swift */ = {isa = PBXFileReference; lastKnownFileType = sourcecode.swift; path = LoginViewController.swift; sourceTree = "<group>"; };
		59F2E84D39A4183C6BEB1F05 /* Pods-MasterThesis.debug.xcconfig */ = {isa = PBXFileReference; includeInIndex = 1; lastKnownFileType = text.xcconfig; name = "Pods-MasterThesis.debug.xcconfig"; path = "Pods/Target Support Files/Pods-MasterThesis/Pods-MasterThesis.debug.xcconfig"; sourceTree = "<group>"; };
		5E791A87E03CD3623278B41F /* Pods-MasterThesis.release.xcconfig */ = {isa = PBXFileReference; includeInIndex = 1; lastKnownFileType = text.xcconfig; name = "Pods-MasterThesis.release.xcconfig"; path = "Pods/Target Support Files/Pods-MasterThesis/Pods-MasterThesis.release.xcconfig"; sourceTree = "<group>"; };
/* End PBXFileReference section */

/* Begin PBXFrameworksBuildPhase section */
		27958A661FB200CC004F968F /* Frameworks */ = {
			isa = PBXFrameworksBuildPhase;
			buildActionMask = 2147483647;
			files = (
				E1BA1BF177D303904449B507 /* Pods_MasterThesis.framework in Frameworks */,
			);
			runOnlyForDeploymentPostprocessing = 0;
		};
/* End PBXFrameworksBuildPhase section */

/* Begin PBXGroup section */
		27958A601FB200CC004F968F = {
			isa = PBXGroup;
			children = (
				27958A6B1FB200CC004F968F /* MasterThesis */,
				27958A6A1FB200CC004F968F /* Products */,
				C6D57F042A8C15F5081C86C8 /* Pods */,
				5D39394DA938024C07F7C5D2 /* Frameworks */,
			);
			sourceTree = "<group>";
		};
		27958A6A1FB200CC004F968F /* Products */ = {
			isa = PBXGroup;
			children = (
				27958A691FB200CC004F968F /* MasterThesis.app */,
			);
			name = Products;
			sourceTree = "<group>";
		};
		27958A6B1FB200CC004F968F /* MasterThesis */ = {
			isa = PBXGroup;
			children = (
				27958A6E1FB200CC004F968F /* TakingImageViewController.swift */,
				27E41C751FB88386005F77EE /* LoginViewController.swift */,
				27958A701FB200CC004F968F /* Main.storyboard */,
				27958A781FB200CC004F968F /* Info.plist */,
				27958A6C1FB200CC004F968F /* AppDelegate.swift */,
				27958A731FB200CC004F968F /* Assets.xcassets */,
				27958A751FB200CC004F968F /* LaunchScreen.storyboard */,
			);
			path = MasterThesis;
			sourceTree = "<group>";
		};
		5D39394DA938024C07F7C5D2 /* Frameworks */ = {
			isa = PBXGroup;
			children = (
				017416A01A74B676E51E7850 /* Pods_MasterThesis.framework */,
			);
			name = Frameworks;
			sourceTree = "<group>";
		};
		C6D57F042A8C15F5081C86C8 /* Pods */ = {
			isa = PBXGroup;
			children = (
				59F2E84D39A4183C6BEB1F05 /* Pods-MasterThesis.debug.xcconfig */,
				5E791A87E03CD3623278B41F /* Pods-MasterThesis.release.xcconfig */,
			);
			name = Pods;
			sourceTree = "<group>";
		};
/* End PBXGroup section */

/* Begin PBXNativeTarget section */
		27958A681FB200CC004F968F /* MasterThesis */ = {
			isa = PBXNativeTarget;
			buildConfigurationList = 27958A7B1FB200CC004F968F /* Build configuration list for PBXNativeTarget "MasterThesis" */;
			buildPhases = (
				EB58937329C1805B05384EEB /* [CP] Check Pods Manifest.lock */,
				27958A651FB200CC004F968F /* Sources */,
				27958A661FB200CC004F968F /* Frameworks */,
				27958A671FB200CC004F968F /* Resources */,
				53D38E2192DEEC12B3726DBC /* [CP] Embed Pods Frameworks */,
				9835238DD769744B238A047C /* [CP] Copy Pods Resources */,
			);
			buildRules = (
			);
			dependencies = (
			);
			name = MasterThesis;
			productName = MasterThesis;
			productReference = 27958A691FB200CC004F968F /* MasterThesis.app */;
			productType = "com.apple.product-type.application";
		};
/* End PBXNativeTarget section */

/* Begin PBXProject section */
		27958A611FB200CC004F968F /* Project object */ = {
			isa = PBXProject;
			attributes = {
				LastSwiftUpdateCheck = 0910;
				LastUpgradeCheck = 0910;
				ORGANIZATIONNAME = "Jakub Gac";
				TargetAttributes = {
					27958A681FB200CC004F968F = {
						CreatedOnToolsVersion = 9.1;
						ProvisioningStyle = Automatic;
					};
				};
			};
			buildConfigurationList = 27958A641FB200CC004F968F /* Build configuration list for PBXProject "MasterThesis" */;
			compatibilityVersion = "Xcode 8.0";
			developmentRegion = en;
			hasScannedForEncodings = 0;
			knownRegions = (
				en,
				Base,
			);
			mainGroup = 27958A601FB200CC004F968F;
			productRefGroup = 27958A6A1FB200CC004F968F /* Products */;
			projectDirPath = "";
			projectRoot = "";
			targets = (
				27958A681FB200CC004F968F /* MasterThesis */,
			);
		};
/* End PBXProject section */

/* Begin PBXResourcesBuildPhase section */
		27958A671FB200CC004F968F /* Resources */ = {
			isa = PBXResourcesBuildPhase;
			buildActionMask = 2147483647;
			files = (
				27958A771FB200CC004F968F /* LaunchScreen.storyboard in Resources */,
				27958A741FB200CC004F968F /* Assets.xcassets in Resources */,
				27958A721FB200CC004F968F /* Main.storyboard in Resources */,
			);
			runOnlyForDeploymentPostprocessing = 0;
		};
/* End PBXResourcesBuildPhase section */

/* Begin PBXShellScriptBuildPhase section */
		53D38E2192DEEC12B3726DBC /* [CP] Embed Pods Frameworks */ = {
			isa = PBXShellScriptBuildPhase;
			buildActionMask = 2147483647;
			files = (
			);
			inputPaths = (
				"${SRCROOT}/Pods/Target Support Files/Pods-MasterThesis/Pods-MasterThesis-frameworks.sh",
				"${BUILT_PRODUCTS_DIR}/Alamofire/Alamofire.framework",
			);
			name = "[CP] Embed Pods Frameworks";
			outputPaths = (
				"${TARGET_BUILD_DIR}/${FRAMEWORKS_FOLDER_PATH}/Alamofire.framework",
			);
			runOnlyForDeploymentPostprocessing = 0;
			shellPath = /bin/sh;
			shellScript = "\"${SRCROOT}/Pods/Target Support Files/Pods-MasterThesis/Pods-MasterThesis-frameworks.sh\"\n";
			showEnvVarsInLog = 0;
		};
		9835238DD769744B238A047C /* [CP] Copy Pods Resources */ = {
			isa = PBXShellScriptBuildPhase;
			buildActionMask = 2147483647;
			files = (
			);
			inputPaths = (
			);
			name = "[CP] Copy Pods Resources";
			outputPaths = (
			);
			runOnlyForDeploymentPostprocessing = 0;
			shellPath = /bin/sh;
			shellScript = "\"${SRCROOT}/Pods/Target Support Files/Pods-MasterThesis/Pods-MasterThesis-resources.sh\"\n";
			showEnvVarsInLog = 0;
		};
		EB58937329C1805B05384EEB /* [CP] Check Pods Manifest.lock */ = {
			isa = PBXShellScriptBuildPhase;
			buildActionMask = 2147483647;
			files = (
			);
			inputPaths = (
				"${PODS_PODFILE_DIR_PATH}/Podfile.lock",
				"${PODS_ROOT}/Manifest.lock",
			);
			name = "[CP] Check Pods Manifest.lock";
			outputPaths = (
				"$(DERIVED_FILE_DIR)/Pods-MasterThesis-checkManifestLockResult.txt",
			);
			runOnlyForDeploymentPostprocessing = 0;
			shellPath = /bin/sh;
			shellScript = "diff \"${PODS_PODFILE_DIR_PATH}/Podfile.lock\" \"${PODS_ROOT}/Manifest.lock\" > /dev/null\nif [ $? != 0 ] ; then\n    # print error to STDERR\n    echo \"error: The sandbox is not in sync with the Podfile.lock. Run 'pod install' or update your CocoaPods installation.\" >&2\n    exit 1\nfi\n# This output is used by Xcode 'outputs' to avoid re-running this script phase.\necho \"SUCCESS\" > \"${SCRIPT_OUTPUT_FILE_0}\"\n";
			showEnvVarsInLog = 0;
		};
/* End PBXShellScriptBuildPhase section */

/* Begin PBXSourcesBuildPhase section */
		27958A651FB200CC004F968F /* Sources */ = {
			isa = PBXSourcesBuildPhase;
			buildActionMask = 2147483647;
			files = (
				27E41C761FB88386005F77EE /* LoginViewController.swift in Sources */,
				27958A6F1FB200CC004F968F /* TakingImageViewController.swift in Sources */,
				27958A6D1FB200CC004F968F /* AppDelegate.swift in Sources */,
			);
			runOnlyForDeploymentPostprocessing = 0;
		};
/* End PBXSourcesBuildPhase section */

/* Begin PBXVariantGroup section */
		27958A701FB200CC004F968F /* Main.storyboard */ = {
			isa = PBXVariantGroup;
			children = (
				27958A711FB200CC004F968F /* Base */,
			);
			name = Main.storyboard;
			sourceTree = "<group>";
		};
		27958A751FB200CC004F968F /* LaunchScreen.storyboard */ = {
			isa = PBXVariantGroup;
			children = (
				27958A761FB200CC004F968F /* Base */,
			);
			name = LaunchScreen.storyboard;
			sourceTree = "<group>";
		};
/* End PBXVariantGroup section */

/* Begin XCBuildConfiguration section */
		27958A791FB200CC004F968F /* Debug */ = {
			isa = XCBuildConfiguration;
			buildSettings = {
				ALWAYS_SEARCH_USER_PATHS = NO;
				CLANG_ANALYZER_NONNULL = YES;
				CLANG_ANALYZER_NUMBER_OBJECT_CONVERSION = YES_AGGRESSIVE;
				CLANG_CXX_LANGUAGE_STANDARD = "gnu++14";
				CLANG_CXX_LIBRARY = "libc++";
				CLANG_ENABLE_MODULES = YES;
				CLANG_ENABLE_OBJC_ARC = YES;
				CLANG_WARN_BLOCK_CAPTURE_AUTORELEASING = YES;
				CLANG_WARN_BOOL_CONVERSION = YES;
				CLANG_WARN_COMMA = YES;
				CLANG_WARN_CONSTANT_CONVERSION = YES;
				CLANG_WARN_DIRECT_OBJC_ISA_USAGE = YES_ERROR;
				CLANG_WARN_DOCUMENTATION_COMMENTS = YES;
				CLANG_WARN_EMPTY_BODY = YES;
				CLANG_WARN_ENUM_CONVERSION = YES;
				CLANG_WARN_INFINITE_RECURSION = YES;
				CLANG_WARN_INT_CONVERSION = YES;
				CLANG_WARN_NON_LITERAL_NULL_CONVERSION = YES;
				CLANG_WARN_OBJC_LITERAL_CONVERSION = YES;
				CLANG_WARN_OBJC_ROOT_CLASS = YES_ERROR;
				CLANG_WARN_RANGE_LOOP_ANALYSIS = YES;
				CLANG_WARN_STRICT_PROTOTYPES = YES;
				CLANG_WARN_SUSPICIOUS_MOVE = YES;
				CLANG_WARN_UNGUARDED_AVAILABILITY = YES_AGGRESSIVE;
				CLANG_WARN_UNREACHABLE_CODE = YES;
				CLANG_WARN__DUPLICATE_METHOD_MATCH = YES;
				CODE_SIGN_IDENTITY = "iPhone Developer";
				COPY_PHASE_STRIP = NO;
				DEBUG_INFORMATION_FORMAT = dwarf;
				ENABLE_STRICT_OBJC_MSGSEND = YES;
				ENABLE_TESTABILITY = YES;
				GCC_C_LANGUAGE_STANDARD = gnu11;
				GCC_DYNAMIC_NO_PIC = NO;
				GCC_NO_COMMON_BLOCKS = YES;
				GCC_OPTIMIZATION_LEVEL = 0;
				GCC_PREPROCESSOR_DEFINITIONS = (
					"DEBUG=1",
					"$(inherited)",
				);
				GCC_WARN_64_TO_32_BIT_CONVERSION = YES;
				GCC_WARN_ABOUT_RETURN_TYPE = YES_ERROR;
				GCC_WARN_UNDECLARED_SELECTOR = YES;
				GCC_WARN_UNINITIALIZED_AUTOS = YES_AGGRESSIVE;
				GCC_WARN_UNUSED_FUNCTION = YES;
				GCC_WARN_UNUSED_VARIABLE = YES;
				IPHONEOS_DEPLOYMENT_TARGET = 11.1;
				MTL_ENABLE_DEBUG_INFO = YES;
				ONLY_ACTIVE_ARCH = YES;
				SDKROOT = iphoneos;
				SWIFT_ACTIVE_COMPILATION_CONDITIONS = DEBUG;
				SWIFT_OPTIMIZATION_LEVEL = "-Onone";
			};
			name = Debug;
		};
		27958A7A1FB200CC004F968F /* Release */ = {
			isa = XCBuildConfiguration;
			buildSettings = {
				ALWAYS_SEARCH_USER_PATHS = NO;
				CLANG_ANALYZER_NONNULL = YES;
				CLANG_ANALYZER_NUMBER_OBJECT_CONVERSION = YES_AGGRESSIVE;
				CLANG_CXX_LANGUAGE_STANDARD = "gnu++14";
				CLANG_CXX_LIBRARY = "libc++";
				CLANG_ENABLE_MODULES = YES;
				CLANG_ENABLE_OBJC_ARC = YES;
				CLANG_WARN_BLOCK_CAPTURE_AUTORELEASING = YES;
				CLANG_WARN_BOOL_CONVERSION = YES;
				CLANG_WARN_COMMA = YES;
				CLANG_WARN_CONSTANT_CONVERSION = YES;
				CLANG_WARN_DIRECT_OBJC_ISA_USAGE = YES_ERROR;
				CLANG_WARN_DOCUMENTATION_COMMENTS = YES;
				CLANG_WARN_EMPTY_BODY = YES;
				CLANG_WARN_ENUM_CONVERSION = YES;
				CLANG_WARN_INFINITE_RECURSION = YES;
				CLANG_WARN_INT_CONVERSION = YES;
				CLANG_WARN_NON_LITERAL_NULL_CONVERSION = YES;
				CLANG_WARN_OBJC_LITERAL_CONVERSION = YES;
				CLANG_WARN_OBJC_ROOT_CLASS = YES_ERROR;
				CLANG_WARN_RANGE_LOOP_ANALYSIS = YES;
				CLANG_WARN_STRICT_PROTOTYPES = YES;
				CLANG_WARN_SUSPICIOUS_MOVE = YES;
				CLANG_WARN_UNGUARDED_AVAILABILITY = YES_AGGRESSIVE;
				CLANG_WARN_UNREACHABLE_CODE = YES;
				CLANG_WARN__DUPLICATE_METHOD_MATCH = YES;
				CODE_SIGN_IDENTITY = "iPhone Developer";
				COPY_PHASE_STRIP = NO;
				DEBUG_INFORMATION_FORMAT = "dwarf-with-dsym";
				ENABLE_NS_ASSERTIONS = NO;
				ENABLE_STRICT_OBJC_MSGSEND = YES;
				GCC_C_LANGUAGE_STANDARD = gnu11;
				GCC_NO_COMMON_BLOCKS = YES;
				GCC_WARN_64_TO_32_BIT_CONVERSION = YES;
				GCC_WARN_ABOUT_RETURN_TYPE = YES_ERROR;
				GCC_WARN_UNDECLARED_SELECTOR = YES;
				GCC_WARN_UNINITIALIZED_AUTOS = YES_AGGRESSIVE;
				GCC_WARN_UNUSED_FUNCTION = YES;
				GCC_WARN_UNUSED_VARIABLE = YES;
				IPHONEOS_DEPLOYMENT_TARGET = 11.1;
				MTL_ENABLE_DEBUG_INFO = NO;
				SDKROOT = iphoneos;
				SWIFT_OPTIMIZATION_LEVEL = "-Owholemodule";
				VALIDATE_PRODUCT = YES;
			};
			name = Release;
		};
		27958A7C1FB200CC004F968F /* Debug */ = {
			isa = XCBuildConfiguration;
			baseConfigurationReference = 59F2E84D39A4183C6BEB1F05 /* Pods-MasterThesis.debug.xcconfig */;
			buildSettings = {
				ASSETCATALOG_COMPILER_APPICON_NAME = AppIcon;
				CODE_SIGN_STYLE = Automatic;
				DEVELOPMENT_TEAM = KAE5HV8HDG;
				INFOPLIST_FILE = MasterThesis/Info.plist;
				LD_RUNPATH_SEARCH_PATHS = "$(inherited) @executable_path/Frameworks";
				PRODUCT_BUNDLE_IDENTIFIER = com.jakubgac.MasterThesis;
				PRODUCT_NAME = "$(TARGET_NAME)";
				SWIFT_VERSION = 4.0;
				TARGETED_DEVICE_FAMILY = "1,2";
			};
			name = Debug;
		};
		27958A7D1FB200CC004F968F /* Release */ = {
			isa = XCBuildConfiguration;
			baseConfigurationReference = 5E791A87E03CD3623278B41F /* Pods-MasterThesis.release.xcconfig */;
			buildSettings = {
				ASSETCATALOG_COMPILER_APPICON_NAME = AppIcon;
				CODE_SIGN_STYLE = Automatic;
				DEVELOPMENT_TEAM = KAE5HV8HDG;
				INFOPLIST_FILE = MasterThesis/Info.plist;
				LD_RUNPATH_SEARCH_PATHS = "$(inherited) @executable_path/Frameworks";
				PRODUCT_BUNDLE_IDENTIFIER = com.jakubgac.MasterThesis;
				PRODUCT_NAME = "$(TARGET_NAME)";
				SWIFT_VERSION = 4.0;
				TARGETED_DEVICE_FAMILY = "1,2";
			};
			name = Release;
		};
/* End XCBuildConfiguration section */

/* Begin XCConfigurationList section */
		27958A641FB200CC004F968F /* Build configuration list for PBXProject "MasterThesis" */ = {
			isa = XCConfigurationList;
			buildConfigurations = (
				27958A791FB200CC004F968F /* Debug */,
				27958A7A1FB200CC004F968F /* Release */,
			);
			defaultConfigurationIsVisible = 0;
			defaultConfigurationName = Release;
		};
		27958A7B1FB200CC004F968F /* Build configuration list for PBXNativeTarget "MasterThesis" */ = {
			isa = XCConfigurationList;
			buildConfigurations = (
				27958A7C1FB200CC004F968F /* Debug */,
				27958A7D1FB200CC004F968F /* Release */,
			);
			defaultConfigurationIsVisible = 0;
			defaultConfigurationName = Release;
		};
/* End XCConfigurationList section */
	};
	rootObject = 27958A611FB200CC004F968F /* Project object */;
}
